
Microsoft Visual Studio Solution File, Format Version 12.00
# Visual Studio Version 16
VisualStudioVersion = 16.0.30225.117
MinimumVisualStudioVersion = 10.0.40219.1
Project("{FAE04EC0-301F-11D3-BF4B-00C04F79EFBC}") = "WordGameCheater", "WordGameCheater\WordGameCheater.csproj", "{B545086B-6EF7-431B-9CFD-8B46D6473FAE}"
EndProject
Global
	GlobalSection(SolutionConfigurationPlatforms) = preSolution
		Debug|Any CPU = Debug|Any CPU
		Release|Any CPU = Release|Any CPU
	EndGlobalSection
	GlobalSection(ProjectConfigurationPlatforms) = postSolution
		{B545086B-6EF7-431B-9CFD-8B46D6473FAE}.Debug|Any CPU.ActiveCfg = Debug|Any CPU
		{B545086B-6EF7-431B-9CFD-8B46D6473FAE}.Debug|Any CPU.Build.0 = Debug|Any CPU
		{B545086B-6EF7-431B-9CFD-8B46D6473FAE}.Release|Any CPU.ActiveCfg = Release|Any CPU
		{B545086B-6EF7-431B-9CFD-8B46D6473FAE}.Release|Any CPU.Build.0 = Release|Any CPU
	EndGlobalSection
	GlobalSection(SolutionProperties) = preSolution
		HideSolutionNode = FALSE
	EndGlobalSection
	GlobalSection(ExtensibilityGlobals) = postSolution
		SolutionGuid = {D8FDDDB3-299F-4EC1-B29A-276E716BBE71}
	EndGlobalSection
EndGlobal
